
Microsoft Visual Studio Solution File, Format Version 12.00
# Visual Studio 15
VisualStudioVersion = 15.0.27130.2036
MinimumVisualStudioVersion = 10.0.40219.1
Project("{FAE04EC0-301F-11D3-BF4B-00C04F79EFBC}") = "RPSuite", "RPSuite\RPSuite.csproj", "{A279AB8B-652E-4570-A7F1-77991D8B3ECA}"
EndProject
Project("{FAE04EC0-301F-11D3-BF4B-00C04F79EFBC}") = "RPSuiteServer", "RPSuiteServer\RPSuiteServer.csproj", "{A5453B9C-7E66-4DA7-8CA0-2AE983896619}"
EndProject
Global
	GlobalSection(SolutionConfigurationPlatforms) = preSolution
		Debug|Any CPU = Debug|Any CPU
		Release|Any CPU = Release|Any CPU
	EndGlobalSection
	GlobalSection(ProjectConfigurationPlatforms) = postSolution
		{A279AB8B-652E-4570-A7F1-77991D8B3ECA}.Debug|Any CPU.ActiveCfg = Debug|Any CPU
		{A279AB8B-652E-4570-A7F1-77991D8B3ECA}.Debug|Any CPU.Build.0 = Debug|Any CPU
		{A279AB8B-652E-4570-A7F1-77991D8B3ECA}.Release|Any CPU.ActiveCfg = Release|Any CPU
		{A279AB8B-652E-4570-A7F1-77991D8B3ECA}.Release|Any CPU.Build.0 = Release|Any CPU
		{A5453B9C-7E66-4DA7-8CA0-2AE983896619}.Debug|Any CPU.ActiveCfg = Debug|Any CPU
		{A5453B9C-7E66-4DA7-8CA0-2AE983896619}.Debug|Any CPU.Build.0 = Debug|Any CPU
		{A5453B9C-7E66-4DA7-8CA0-2AE983896619}.Release|Any CPU.ActiveCfg = Release|Any CPU
		{A5453B9C-7E66-4DA7-8CA0-2AE983896619}.Release|Any CPU.Build.0 = Release|Any CPU
	EndGlobalSection
	GlobalSection(SolutionProperties) = preSolution
		HideSolutionNode = FALSE
	EndGlobalSection
	GlobalSection(ExtensibilityGlobals) = postSolution
		SolutionGuid = {C368363C-BA94-4A19-A9CB-25210872EA59}
	EndGlobalSection
EndGlobal
